
Microsoft Visual Studio Solution File, Format Version 12.00
# Visual Studio Version 16
VisualStudioVersion = 16.0.30907.101
MinimumVisualStudioVersion = 10.0.40219.1
Project("{FAE04EC0-301F-11D3-BF4B-00C04F79EFBC}") = "PrimeNumbers.WebService", "PrimeNumbers.WebService\PrimeNumbers.WebService.csproj", "{C70FDEB9-4A1B-4B78-BA42-D84F9303FE51}"
EndProject
Project("{FAE04EC0-301F-11D3-BF4B-00C04F79EFBC}") = "PrimeNumbers.TestApp", "PrimeNumbers.TestApp\PrimeNumbers.TestApp.csproj", "{8F1B39B2-D8B1-482D-A0CB-571E8791D4C8}"
EndProject
Global
	GlobalSection(SolutionConfigurationPlatforms) = preSolution
		Debug|Any CPU = Debug|Any CPU
		Release|Any CPU = Release|Any CPU
	EndGlobalSection
	GlobalSection(ProjectConfigurationPlatforms) = postSolution
		{C70FDEB9-4A1B-4B78-BA42-D84F9303FE51}.Debug|Any CPU.ActiveCfg = Debug|Any CPU
		{C70FDEB9-4A1B-4B78-BA42-D84F9303FE51}.Debug|Any CPU.Build.0 = Debug|Any CPU
		{C70FDEB9-4A1B-4B78-BA42-D84F9303FE51}.Release|Any CPU.ActiveCfg = Release|Any CPU
		{C70FDEB9-4A1B-4B78-BA42-D84F9303FE51}.Release|Any CPU.Build.0 = Release|Any CPU
		{8F1B39B2-D8B1-482D-A0CB-571E8791D4C8}.Debug|Any CPU.ActiveCfg = Debug|Any CPU
		{8F1B39B2-D8B1-482D-A0CB-571E8791D4C8}.Debug|Any CPU.Build.0 = Debug|Any CPU
		{8F1B39B2-D8B1-482D-A0CB-571E8791D4C8}.Release|Any CPU.ActiveCfg = Release|Any CPU
		{8F1B39B2-D8B1-482D-A0CB-571E8791D4C8}.Release|Any CPU.Build.0 = Release|Any CPU
	EndGlobalSection
	GlobalSection(SolutionProperties) = preSolution
		HideSolutionNode = FALSE
	EndGlobalSection
	GlobalSection(ExtensibilityGlobals) = postSolution
		SolutionGuid = {AAA58E3D-9138-45FA-A9F6-1BB178572705}
	EndGlobalSection
EndGlobal
